
Microsoft Visual Studio Solution File, Format Version 12.00
# Visual Studio Version 16
VisualStudioVersion = 16.0.30517.126
MinimumVisualStudioVersion = 10.0.40219.1
Project("{FAE04EC0-301F-11D3-BF4B-00C04F79EFBC}") = "Interface", "Interface\Interface.csproj", "{47B2C8DA-B338-40B4-8D5C-0D35151B333C}"
EndProject
Project("{FAE04EC0-301F-11D3-BF4B-00C04F79EFBC}") = "Datos", "Datos\Datos.csproj", "{888FBA34-98CC-4359-9A59-A797EB42656F}"
EndProject
Project("{FAE04EC0-301F-11D3-BF4B-00C04F79EFBC}") = "Funciones", "Funciones\Funciones.csproj", "{91F7E36E-FFEB-4290-A6DA-337E03D419E5}"
EndProject
Global
	GlobalSection(SolutionConfigurationPlatforms) = preSolution
		Debug|Any CPU = Debug|Any CPU
		Release|Any CPU = Release|Any CPU
	EndGlobalSection
	GlobalSection(ProjectConfigurationPlatforms) = postSolution
		{47B2C8DA-B338-40B4-8D5C-0D35151B333C}.Debug|Any CPU.ActiveCfg = Debug|Any CPU
		{47B2C8DA-B338-40B4-8D5C-0D35151B333C}.Debug|Any CPU.Build.0 = Debug|Any CPU
		{47B2C8DA-B338-40B4-8D5C-0D35151B333C}.Release|Any CPU.ActiveCfg = Release|Any CPU
		{47B2C8DA-B338-40B4-8D5C-0D35151B333C}.Release|Any CPU.Build.0 = Release|Any CPU
		{888FBA34-98CC-4359-9A59-A797EB42656F}.Debug|Any CPU.ActiveCfg = Debug|Any CPU
		{888FBA34-98CC-4359-9A59-A797EB42656F}.Debug|Any CPU.Build.0 = Debug|Any CPU
		{888FBA34-98CC-4359-9A59-A797EB42656F}.Release|Any CPU.ActiveCfg = Release|Any CPU
		{888FBA34-98CC-4359-9A59-A797EB42656F}.Release|Any CPU.Build.0 = Release|Any CPU
		{91F7E36E-FFEB-4290-A6DA-337E03D419E5}.Debug|Any CPU.ActiveCfg = Debug|Any CPU
		{91F7E36E-FFEB-4290-A6DA-337E03D419E5}.Debug|Any CPU.Build.0 = Debug|Any CPU
		{91F7E36E-FFEB-4290-A6DA-337E03D419E5}.Release|Any CPU.ActiveCfg = Release|Any CPU
		{91F7E36E-FFEB-4290-A6DA-337E03D419E5}.Release|Any CPU.Build.0 = Release|Any CPU
	EndGlobalSection
	GlobalSection(SolutionProperties) = preSolution
		HideSolutionNode = FALSE
	EndGlobalSection
	GlobalSection(ExtensibilityGlobals) = postSolution
		SolutionGuid = {3529DC9E-ED75-4524-BF26-F057FDAC4125}
	EndGlobalSection
EndGlobal
